
Microsoft Visual Studio Solution File, Format Version 12.00
# Visual Studio Version 17
VisualStudioVersion = 17.7.34202.233
MinimumVisualStudioVersion = 10.0.40219.1
Project("{8BC9CEB8-8B4A-11D0-8D11-00A0C91BC942}") = "TutorialProject6", "TutorialProject6\TutorialProject6.vcxproj", "{2540784E-896E-4654-883F-9C4B06649B9B}"
EndProject
Global
	GlobalSection(SolutionConfigurationPlatforms) = preSolution
		Debug|x64 = Debug|x64
		Debug|x86 = Debug|x86
		Release|x64 = Release|x64
		Release|x86 = Release|x86
	EndGlobalSection
	GlobalSection(ProjectConfigurationPlatforms) = postSolution
		{2540784E-896E-4654-883F-9C4B06649B9B}.Debug|x64.ActiveCfg = Debug|x64
		{2540784E-896E-4654-883F-9C4B06649B9B}.Debug|x64.Build.0 = Debug|x64
		{2540784E-896E-4654-883F-9C4B06649B9B}.Debug|x86.ActiveCfg = Debug|Win32
		{2540784E-896E-4654-883F-9C4B06649B9B}.Debug|x86.Build.0 = Debug|Win32
		{2540784E-896E-4654-883F-9C4B06649B9B}.Release|x64.ActiveCfg = Release|x64
		{2540784E-896E-4654-883F-9C4B06649B9B}.Release|x64.Build.0 = Release|x64
		{2540784E-896E-4654-883F-9C4B06649B9B}.Release|x86.ActiveCfg = Release|Win32
		{2540784E-896E-4654-883F-9C4B06649B9B}.Release|x86.Build.0 = Release|Win32
	EndGlobalSection
	GlobalSection(SolutionProperties) = preSolution
		HideSolutionNode = FALSE
	EndGlobalSection
	GlobalSection(ExtensibilityGlobals) = postSolution
		SolutionGuid = {6FD4CF1A-E678-4C86-B4EC-5ABD85D4D4B4}
	EndGlobalSection
EndGlobal
